
Microsoft Visual Studio Solution File, Format Version 12.00
# Visual Studio Version 17
VisualStudioVersion = 17.0.31903.59
MinimumVisualStudioVersion = 10.0.40219.1
Project("{2150E333-8FDC-42A3-9474-1A3956D46DE8}") = "BaconBinary.ObjectEditor.UI", "BaconBinary.ObjectEditor.UI", "{E92CEDE4-69CD-643B-6101-8149208A0AA4}"
EndProject
Project("{FAE04EC0-301F-11D3-BF4B-00C04F79EFBC}") = "BaconBinary.ObjectEditor.UI", "BaconBinary.ObjectEditor.UI\BaconBinary.ObjectEditor.UI\BaconBinary.ObjectEditor.UI.csproj", "{2C6FF39C-CD89-49F2-9F80-1B4C75C6C03E}"
EndProject
Project("{2150E333-8FDC-42A3-9474-1A3956D46DE8}") = "external", "external", "{A288BEE0-695A-BEEA-455C-649571D89326}"
EndProject
Project("{2150E333-8FDC-42A3-9474-1A3956D46DE8}") = "core", "core", "{A1DEA81B-796C-30DE-FFE6-895D75D26B3C}"
EndProject
Project("{FAE04EC0-301F-11D3-BF4B-00C04F79EFBC}") = "BaconBinary.Core", "external\core\BaconBinary.Core.csproj", "{8A378ADB-DB8E-4857-ACAC-5FD344DC69B9}"
EndProject
Global
	GlobalSection(SolutionConfigurationPlatforms) = preSolution
		Debug|Any CPU = Debug|Any CPU
		Debug|x64 = Debug|x64
		Debug|x86 = Debug|x86
		Release|Any CPU = Release|Any CPU
		Release|x64 = Release|x64
		Release|x86 = Release|x86
	EndGlobalSection
	GlobalSection(ProjectConfigurationPlatforms) = postSolution
		{2C6FF39C-CD89-49F2-9F80-1B4C75C6C03E}.Debug|Any CPU.ActiveCfg = Debug|Any CPU
		{2C6FF39C-CD89-49F2-9F80-1B4C75C6C03E}.Debug|Any CPU.Build.0 = Debug|Any CPU
		{2C6FF39C-CD89-49F2-9F80-1B4C75C6C03E}.Debug|x64.ActiveCfg = Debug|Any CPU
		{2C6FF39C-CD89-49F2-9F80-1B4C75C6C03E}.Debug|x64.Build.0 = Debug|Any CPU
		{2C6FF39C-CD89-49F2-9F80-1B4C75C6C03E}.Debug|x86.ActiveCfg = Debug|Any CPU
		{2C6FF39C-CD89-49F2-9F80-1B4C75C6C03E}.Debug|x86.Build.0 = Debug|Any CPU
		{2C6FF39C-CD89-49F2-9F80-1B4C75C6C03E}.Release|Any CPU.ActiveCfg = Release|Any CPU
		{2C6FF39C-CD89-49F2-9F80-1B4C75C6C03E}.Release|Any CPU.Build.0 = Release|Any CPU
		{2C6FF39C-CD89-49F2-9F80-1B4C75C6C03E}.Release|x64.ActiveCfg = Release|Any CPU
		{2C6FF39C-CD89-49F2-9F80-1B4C75C6C03E}.Release|x64.Build.0 = Release|Any CPU
		{2C6FF39C-CD89-49F2-9F80-1B4C75C6C03E}.Release|x86.ActiveCfg = Release|Any CPU
		{2C6FF39C-CD89-49F2-9F80-1B4C75C6C03E}.Release|x86.Build.0 = Release|Any CPU
		{8A378ADB-DB8E-4857-ACAC-5FD344DC69B9}.Debug|Any CPU.ActiveCfg = Debug|Any CPU
		{8A378ADB-DB8E-4857-ACAC-5FD344DC69B9}.Debug|Any CPU.Build.0 = Debug|Any CPU
		{8A378ADB-DB8E-4857-ACAC-5FD344DC69B9}.Debug|x64.ActiveCfg = Debug|Any CPU
		{8A378ADB-DB8E-4857-ACAC-5FD344DC69B9}.Debug|x64.Build.0 = Debug|Any CPU
		{8A378ADB-DB8E-4857-ACAC-5FD344DC69B9}.Debug|x86.ActiveCfg = Debug|Any CPU
		{8A378ADB-DB8E-4857-ACAC-5FD344DC69B9}.Debug|x86.Build.0 = Debug|Any CPU
		{8A378ADB-DB8E-4857-ACAC-5FD344DC69B9}.Release|Any CPU.ActiveCfg = Release|Any CPU
		{8A378ADB-DB8E-4857-ACAC-5FD344DC69B9}.Release|Any CPU.Build.0 = Release|Any CPU
		{8A378ADB-DB8E-4857-ACAC-5FD344DC69B9}.Release|x64.ActiveCfg = Release|Any CPU
		{8A378ADB-DB8E-4857-ACAC-5FD344DC69B9}.Release|x64.Build.0 = Release|Any CPU
		{8A378ADB-DB8E-4857-ACAC-5FD344DC69B9}.Release|x86.ActiveCfg = Release|Any CPU
		{8A378ADB-DB8E-4857-ACAC-5FD344DC69B9}.Release|x86.Build.0 = Release|Any CPU
	EndGlobalSection
	GlobalSection(SolutionProperties) = preSolution
		HideSolutionNode = FALSE
	EndGlobalSection
	GlobalSection(NestedProjects) = preSolution
		{2C6FF39C-CD89-49F2-9F80-1B4C75C6C03E} = {E92CEDE4-69CD-643B-6101-8149208A0AA4}
		{A1DEA81B-796C-30DE-FFE6-895D75D26B3C} = {A288BEE0-695A-BEEA-455C-649571D89326}
		{8A378ADB-DB8E-4857-ACAC-5FD344DC69B9} = {A1DEA81B-796C-30DE-FFE6-895D75D26B3C}
	EndGlobalSection
EndGlobal
